
Microsoft Visual Studio Solution File, Format Version 12.00
# Visual Studio Version 17
VisualStudioVersion = 17.14.36301.6 d17.14
MinimumVisualStudioVersion = 10.0.40219.1
Project("{FAE04EC0-301F-11D3-BF4B-00C04F79EFBC}") = "UsersApi", "UsersApi.csproj", "{37F6F064-E1B4-4C9F-8316-6D2B837522BE}"
EndProject
Global
	GlobalSection(SolutionConfigurationPlatforms) = preSolution
		Debug|Any CPU = Debug|Any CPU
		Release|Any CPU = Release|Any CPU
	EndGlobalSection
	GlobalSection(ProjectConfigurationPlatforms) = postSolution
		{37F6F064-E1B4-4C9F-8316-6D2B837522BE}.Debug|Any CPU.ActiveCfg = Debug|Any CPU
		{37F6F064-E1B4-4C9F-8316-6D2B837522BE}.Debug|Any CPU.Build.0 = Debug|Any CPU
		{37F6F064-E1B4-4C9F-8316-6D2B837522BE}.Release|Any CPU.ActiveCfg = Release|Any CPU
		{37F6F064-E1B4-4C9F-8316-6D2B837522BE}.Release|Any CPU.Build.0 = Release|Any CPU
	EndGlobalSection
	GlobalSection(SolutionProperties) = preSolution
		HideSolutionNode = FALSE
	EndGlobalSection
	GlobalSection(ExtensibilityGlobals) = postSolution
		SolutionGuid = {0FD1C2F7-8BF2-4AF7-B203-9936FCEF30B6}
	EndGlobalSection
EndGlobal
